// !$*UTF8*$!
{
	archiveVersion = 1;
	classes = {
	};
	objectVersion = 56;
	objects = {

/* Begin PBXBuildFile section */
		1F85A9882B97D35F00978E85 /* Xcode_firstAppApp.swift in Sources */ = {isa = PBXBuildFile; fileRef = 1F85A9872B97D35F00978E85 /* Xcode_firstAppApp.swift */; };
		1F85A98A2B97D35F00978E85 /* ContentView.swift in Sources */ = {isa = PBXBuildFile; fileRef = 1F85A9892B97D35F00978E85 /* ContentView.swift */; };
		1F85A98C2B97D36000978E85 /* Assets.xcassets in Resources */ = {isa = PBXBuildFile; fileRef = 1F85A98B2B97D36000978E85 /* Assets.xcassets */; };
		1F85A9902B97D36000978E85 /* Preview Assets.xcassets in Resources */ = {isa = PBXBuildFile; fileRef = 1F85A98F2B97D36000978E85 /* Preview Assets.xcassets */; };
		1F85A99A2B97D36000978E85 /* Xcode_firstAppTests.swift in Sources */ = {isa = PBXBuildFile; fileRef = 1F85A9992B97D36000978E85 /* Xcode_firstAppTests.swift */; };
		1F85A9A42B97D36000978E85 /* Xcode_firstAppUITests.swift in Sources */ = {isa = PBXBuildFile; fileRef = 1F85A9A32B97D36000978E85 /* Xcode_firstAppUITests.swift */; };
		1F85A9A62B97D36000978E85 /* Xcode_firstAppUITestsLaunchTests.swift in Sources */ = {isa = PBXBuildFile; fileRef = 1F85A9A52B97D36000978E85 /* Xcode_firstAppUITestsLaunchTests.swift */; };
/* End PBXBuildFile section */

/* Begin PBXContainerItemProxy section */
		1F85A9962B97D36000978E85 /* PBXContainerItemProxy */ = {
			isa = PBXContainerItemProxy;
			containerPortal = 1F85A97C2B97D35F00978E85 /* Project object */;
			proxyType = 1;
			remoteGlobalIDString = 1F85A9832B97D35F00978E85;
			remoteInfo = "Xcode-firstApp";
		};
		1F85A9A02B97D36000978E85 /* PBXContainerItemProxy */ = {
			isa = PBXContainerItemProxy;
			containerPortal = 1F85A97C2B97D35F00978E85 /* Project object */;
			proxyType = 1;
			remoteGlobalIDString = 1F85A9832B97D35F00978E85;
			remoteInfo = "Xcode-firstApp";
		};
/* End PBXContainerItemProxy section */

/* Begin PBXFileReference section */
		1F85A9842B97D35F00978E85 /* Xcode-firstApp.app */ = {isa = PBXFileReference; explicitFileType = wrapper.application; includeInIndex = 0; path = "Xcode-firstApp.app"; sourceTree = BUILT_PRODUCTS_DIR; };
		1F85A9872B97D35F00978E85 /* Xcode_firstAppApp.swift */ = {isa = PBXFileReference; lastKnownFileType = sourcecode.swift; path = Xcode_firstAppApp.swift; sourceTree = "<group>"; };
		1F85A9892B97D35F00978E85 /* ContentView.swift */ = {isa = PBXFileReference; lastKnownFileType = sourcecode.swift; path = ContentView.swift; sourceTree = "<group>"; };
		1F85A98B2B97D36000978E85 /* Assets.xcassets */ = {isa = PBXFileReference; lastKnownFileType = folder.assetcatalog; path = Assets.xcassets; sourceTree = "<group>"; };
		1F85A98D2B97D36000978E85 /* Xcode_firstApp.entitlements */ = {isa = PBXFileReference; lastKnownFileType = text.plist.entitlements; path = Xcode_firstApp.entitlements; sourceTree = "<group>"; };
		1F85A98F2B97D36000978E85 /* Preview Assets.xcassets */ = {isa = PBXFileReference; lastKnownFileType = folder.assetcatalog; path = "Preview Assets.xcassets"; sourceTree = "<group>"; };
		1F85A9952B97D36000978E85 /* Xcode-firstAppTests.xctest */ = {isa = PBXFileReference; explicitFileType = wrapper.cfbundle; includeInIndex = 0; path = "Xcode-firstAppTests.xctest"; sourceTree = BUILT_PRODUCTS_DIR; };
		1F85A9992B97D36000978E85 /* Xcode_firstAppTests.swift */ = {isa = PBXFileReference; lastKnownFileType = sourcecode.swift; path = Xcode_firstAppTests.swift; sourceTree = "<group>"; };
		1F85A99F2B97D36000978E85 /* Xcode-firstAppUITests.xctest */ = {isa = PBXFileReference; explicitFileType = wrapper.cfbundle; includeInIndex = 0; path = "Xcode-firstAppUITests.xctest"; sourceTree = BUILT_PRODUCTS_DIR; };
		1F85A9A32B97D36000978E85 /* Xcode_firstAppUITests.swift */ = {isa = PBXFileReference; lastKnownFileType = sourcecode.swift; path = Xcode_firstAppUITests.swift; sourceTree = "<group>"; };
		1F85A9A52B97D36000978E85 /* Xcode_firstAppUITestsLaunchTests.swift */ = {isa = PBXFileReference; lastKnownFileType = sourcecode.swift; path = Xcode_firstAppUITestsLaunchTests.swift; sourceTree = "<group>"; };
/* End PBXFileReference section */

/* Begin PBXFrameworksBuildPhase section */
		1F85A9812B97D35F00978E85 /* Frameworks */ = {
			isa = PBXFrameworksBuildPhase;
			buildActionMask = 2147483647;
			files = (
			);
			runOnlyForDeploymentPostprocessing = 0;
		};
		1F85A9922B97D36000978E85 /* Frameworks */ = {
			isa = PBXFrameworksBuildPhase;
			buildActionMask = 2147483647;
			files = (
			);
			runOnlyForDeploymentPostprocessing = 0;
		};
		1F85A99C2B97D36000978E85 /* Frameworks */ = {
			isa = PBXFrameworksBuildPhase;
			buildActionMask = 2147483647;
			files = (
			);
			runOnlyForDeploymentPostprocessing = 0;
		};
/* End PBXFrameworksBuildPhase section */

/* Begin PBXGroup section */
		1F85A97B2B97D35F00978E85 = {
			isa = PBXGroup;
			children = (
				1F85A9862B97D35F00978E85 /* Xcode-firstApp */,
				1F85A9982B97D36000978E85 /* Xcode-firstAppTests */,
				1F85A9A22B97D36000978E85 /* Xcode-firstAppUITests */,
				1F85A9852B97D35F00978E85 /* Products */,
			);
			sourceTree = "<group>";
		};
		1F85A9852B97D35F00978E85 /* Products */ = {
			isa = PBXGroup;
			children = (
				1F85A9842B97D35F00978E85 /* Xcode-firstApp.app */,
				1F85A9952B97D36000978E85 /* Xcode-firstAppTests.xctest */,
				1F85A99F2B97D36000978E85 /* Xcode-firstAppUITests.xctest */,
			);
			name = Products;
			sourceTree = "<group>";
		};
		1F85A9862B97D35F00978E85 /* Xcode-firstApp */ = {
			isa = PBXGroup;
			children = (
				1F85A9872B97D35F00978E85 /* Xcode_firstAppApp.swift */,
				1F85A9892B97D35F00978E85 /* ContentView.swift */,
				1F85A98B2B97D36000978E85 /* Assets.xcassets */,
				1F85A98D2B97D36000978E85 /* Xcode_firstApp.entitlements */,
				1F85A98E2B97D36000978E85 /* Preview Content */,
			);
			path = "Xcode-firstApp";
			sourceTree = "<group>";
		};
		1F85A98E2B97D36000978E85 /* Preview Content */ = {
			isa = PBXGroup;
			children = (
				1F85A98F2B97D36000978E85 /* Preview Assets.xcassets */,
			);
			path = "Preview Content";
			sourceTree = "<group>";
		};
		1F85A9982B97D36000978E85 /* Xcode-firstAppTests */ = {
			isa = PBXGroup;
			children = (
				1F85A9992B97D36000978E85 /* Xcode_firstAppTests.swift */,
			);
			path = "Xcode-firstAppTests";
			sourceTree = "<group>";
		};
		1F85A9A22B97D36000978E85 /* Xcode-firstAppUITests */ = {
			isa = PBXGroup;
			children = (
				1F85A9A32B97D36000978E85 /* Xcode_firstAppUITests.swift */,
				1F85A9A52B97D36000978E85 /* Xcode_firstAppUITestsLaunchTests.swift */,
			);
			path = "Xcode-firstAppUITests";
			sourceTree = "<group>";
		};
/* End PBXGroup section */

/* Begin PBXNativeTarget section */
		1F85A9832B97D35F00978E85 /* Xcode-firstApp */ = {
			isa = PBXNativeTarget;
			buildConfigurationList = 1F85A9A92B97D36000978E85 /* Build configuration list for PBXNativeTarget "Xcode-firstApp" */;
			buildPhases = (
				1F85A9802B97D35F00978E85 /* Sources */,
				1F85A9812B97D35F00978E85 /* Frameworks */,
				1F85A9822B97D35F00978E85 /* Resources */,
			);
			buildRules = (
			);
			dependencies = (
			);
			name = "Xcode-firstApp";
			productName = "Xcode-firstApp";
			productReference = 1F85A9842B97D35F00978E85 /* Xcode-firstApp.app */;
			productType = "com.apple.product-type.application";
		};
		1F85A9942B97D36000978E85 /* Xcode-firstAppTests */ = {
			isa = PBXNativeTarget;
			buildConfigurationList = 1F85A9AC2B97D36000978E85 /* Build configuration list for PBXNativeTarget "Xcode-firstAppTests" */;
			buildPhases = (
				1F85A9912B97D36000978E85 /* Sources */,
				1F85A9922B97D36000978E85 /* Frameworks */,
				1F85A9932B97D36000978E85 /* Resources */,
			);
			buildRules = (
			);
			dependencies = (
				1F85A9972B97D36000978E85 /* PBXTargetDependency */,
			);
			name = "Xcode-firstAppTests";
			productName = "Xcode-firstAppTests";
			productReference = 1F85A9952B97D36000978E85 /* Xcode-firstAppTests.xctest */;
			productType = "com.apple.product-type.bundle.unit-test";
		};
		1F85A99E2B97D36000978E85 /* Xcode-firstAppUITests */ = {
			isa = PBXNativeTarget;
			buildConfigurationList = 1F85A9AF2B97D36000978E85 /* Build configuration list for PBXNativeTarget "Xcode-firstAppUITests" */;
			buildPhases = (
				1F85A99B2B97D36000978E85 /* Sources */,
				1F85A99C2B97D36000978E85 /* Frameworks */,
				1F85A99D2B97D36000978E85 /* Resources */,
			);
			buildRules = (
			);
			dependencies = (
				1F85A9A12B97D36000978E85 /* PBXTargetDependency */,
			);
			name = "Xcode-firstAppUITests";
			productName = "Xcode-firstAppUITests";
			productReference = 1F85A99F2B97D36000978E85 /* Xcode-firstAppUITests.xctest */;
			productType = "com.apple.product-type.bundle.ui-testing";
		};
/* End PBXNativeTarget section */

/* Begin PBXProject section */
		1F85A97C2B97D35F00978E85 /* Project object */ = {
			isa = PBXProject;
			attributes = {
				BuildIndependentTargetsInParallel = 1;
				LastSwiftUpdateCheck = 1520;
				LastUpgradeCheck = 1520;
				TargetAttributes = {
					1F85A9832B97D35F00978E85 = {
						CreatedOnToolsVersion = 15.2;
					};
					1F85A9942B97D36000978E85 = {
						CreatedOnToolsVersion = 15.2;
						TestTargetID = 1F85A9832B97D35F00978E85;
					};
					1F85A99E2B97D36000978E85 = {
						CreatedOnToolsVersion = 15.2;
						TestTargetID = 1F85A9832B97D35F00978E85;
					};
				};
			};
			buildConfigurationList = 1F85A97F2B97D35F00978E85 /* Build configuration list for PBXProject "Xcode-firstApp" */;
			compatibilityVersion = "Xcode 14.0";
			developmentRegion = en;
			hasScannedForEncodings = 0;
			knownRegions = (
				en,
				Base,
			);
			mainGroup = 1F85A97B2B97D35F00978E85;
			productRefGroup = 1F85A9852B97D35F00978E85 /* Products */;
			projectDirPath = "";
			projectRoot = "";
			targets = (
				1F85A9832B97D35F00978E85 /* Xcode-firstApp */,
				1F85A9942B97D36000978E85 /* Xcode-firstAppTests */,
				1F85A99E2B97D36000978E85 /* Xcode-firstAppUITests */,
			);
		};
/* End PBXProject section */

/* Begin PBXResourcesBuildPhase section */
		1F85A9822B97D35F00978E85 /* Resources */ = {
			isa = PBXResourcesBuildPhase;
			buildActionMask = 2147483647;
			files = (
				1F85A9902B97D36000978E85 /* Preview Assets.xcassets in Resources */,
				1F85A98C2B97D36000978E85 /* Assets.xcassets in Resources */,
			);
			runOnlyForDeploymentPostprocessing = 0;
		};
		1F85A9932B97D36000978E85 /* Resources */ = {
			isa = PBXResourcesBuildPhase;
			buildActionMask = 2147483647;
			files = (
			);
			runOnlyForDeploymentPostprocessing = 0;
		};
		1F85A99D2B97D36000978E85 /* Resources */ = {
			isa = PBXResourcesBuildPhase;
			buildActionMask = 2147483647;
			files = (
			);
			runOnlyForDeploymentPostprocessing = 0;
		};
/* End PBXResourcesBuildPhase section */

/* Begin PBXSourcesBuildPhase section */
		1F85A9802B97D35F00978E85 /* Sources */ = {
			isa = PBXSourcesBuildPhase;
			buildActionMask = 2147483647;
			files = (
				1F85A98A2B97D35F00978E85 /* ContentView.swift in Sources */,
				1F85A9882B97D35F00978E85 /* Xcode_firstAppApp.swift in Sources */,
			);
			runOnlyForDeploymentPostprocessing = 0;
		};
		1F85A9912B97D36000978E85 /* Sources */ = {
			isa = PBXSourcesBuildPhase;
			buildActionMask = 2147483647;
			files = (
				1F85A99A2B97D36000978E85 /* Xcode_firstAppTests.swift in Sources */,
			);
			runOnlyForDeploymentPostprocessing = 0;
		};
		1F85A99B2B97D36000978E85 /* Sources */ = {
			isa = PBXSourcesBuildPhase;
			buildActionMask = 2147483647;
			files = (
				1F85A9A42B97D36000978E85 /* Xcode_firstAppUITests.swift in Sources */,
				1F85A9A62B97D36000978E85 /* Xcode_firstAppUITestsLaunchTests.swift in Sources */,
			);
			runOnlyForDeploymentPostprocessing = 0;
		};
/* End PBXSourcesBuildPhase section */

/* Begin PBXTargetDependency section */
		1F85A9972B97D36000978E85 /* PBXTargetDependency */ = {
			isa = PBXTargetDependency;
			target = 1F85A9832B97D35F00978E85 /* Xcode-firstApp */;
			targetProxy = 1F85A9962B97D36000978E85 /* PBXContainerItemProxy */;
		};
		1F85A9A12B97D36000978E85 /* PBXTargetDependency */ = {
			isa = PBXTargetDependency;
			target = 1F85A9832B97D35F00978E85 /* Xcode-firstApp */;
			targetProxy = 1F85A9A02B97D36000978E85 /* PBXContainerItemProxy */;
		};
/* End PBXTargetDependency section */

/* Begin XCBuildConfiguration section */
		1F85A9A72B97D36000978E85 /* Debug */ = {
			isa = XCBuildConfiguration;
			buildSettings = {
				ALWAYS_SEARCH_USER_PATHS = NO;
				ASSETCATALOG_COMPILER_GENERATE_SWIFT_ASSET_SYMBOL_EXTENSIONS = YES;
				CLANG_ANALYZER_NONNULL = YES;
				CLANG_ANALYZER_NUMBER_OBJECT_CONVERSION = YES_AGGRESSIVE;
				CLANG_CXX_LANGUAGE_STANDARD = "gnu++20";
				CLANG_ENABLE_MODULES = YES;
				CLANG_ENABLE_OBJC_ARC = YES;
				CLANG_ENABLE_OBJC_WEAK = YES;
				CLANG_WARN_BLOCK_CAPTURE_AUTORELEASING = YES;
				CLANG_WARN_BOOL_CONVERSION = YES;
				CLANG_WARN_COMMA = YES;
				CLANG_WARN_CONSTANT_CONVERSION = YES;
				CLANG_WARN_DEPRECATED_OBJC_IMPLEMENTATIONS = YES;
				CLANG_WARN_DIRECT_OBJC_ISA_USAGE = YES_ERROR;
				CLANG_WARN_DOCUMENTATION_COMMENTS = YES;
				CLANG_WARN_EMPTY_BODY = YES;
				CLANG_WARN_ENUM_CONVERSION = YES;
				CLANG_WARN_INFINITE_RECURSION = YES;
				CLANG_WARN_INT_CONVERSION = YES;
				CLANG_WARN_NON_LITERAL_NULL_CONVERSION = YES;
				CLANG_WARN_OBJC_IMPLICIT_RETAIN_SELF = YES;
				CLANG_WARN_OBJC_LITERAL_CONVERSION = YES;
				CLANG_WARN_OBJC_ROOT_CLASS = YES_ERROR;
				CLANG_WARN_QUOTED_INCLUDE_IN_FRAMEWORK_HEADER = YES;
				CLANG_WARN_RANGE_LOOP_ANALYSIS = YES;
				CLANG_WARN_STRICT_PROTOTYPES = YES;
				CLANG_WARN_SUSPICIOUS_MOVE = YES;
				CLANG_WARN_UNGUARDED_AVAILABILITY = YES_AGGRESSIVE;
				CLANG_WARN_UNREACHABLE_CODE = YES;
				CLANG_WARN__DUPLICATE_METHOD_MATCH = YES;
				COPY_PHASE_STRIP = NO;
				DEBUG_INFORMATION_FORMAT = dwarf;
				ENABLE_STRICT_OBJC_MSGSEND = YES;
				ENABLE_TESTABILITY = YES;
				ENABLE_USER_SCRIPT_SANDBOXING = YES;
				GCC_C_LANGUAGE_STANDARD = gnu17;
				GCC_DYNAMIC_NO_PIC = NO;
				GCC_NO_COMMON_BLOCKS = YES;
				GCC_OPTIMIZATION_LEVEL = 0;
				GCC_PREPROCESSOR_DEFINITIONS = (
					"DEBUG=1",
					"$(inherited)",
				);
				GCC_WARN_64_TO_32_BIT_CONVERSION = YES;
				GCC_WARN_ABOUT_RETURN_TYPE = YES_ERROR;
				GCC_WARN_UNDECLARED_SELECTOR = YES;
				GCC_WARN_UNINITIALIZED_AUTOS = YES_AGGRESSIVE;
				GCC_WARN_UNUSED_FUNCTION = YES;
				GCC_WARN_UNUSED_VARIABLE = YES;
				LOCALIZATION_PREFERS_STRING_CATALOGS = YES;
				MTL_ENABLE_DEBUG_INFO = INCLUDE_SOURCE;
				MTL_FAST_MATH = YES;
				ONLY_ACTIVE_ARCH = YES;
				SWIFT_ACTIVE_COMPILATION_CONDITIONS = "DEBUG $(inherited)";
				SWIFT_OPTIMIZATION_LEVEL = "-Onone";
			};
			name = Debug;
		};
		1F85A9A82B97D36000978E85 /* Release */ = {
			isa = XCBuildConfiguration;
			buildSettings = {
				ALWAYS_SEARCH_USER_PATHS = NO;
				ASSETCATALOG_COMPILER_GENERATE_SWIFT_ASSET_SYMBOL_EXTENSIONS = YES;
				CLANG_ANALYZER_NONNULL = YES;
				CLANG_ANALYZER_NUMBER_OBJECT_CONVERSION = YES_AGGRESSIVE;
				CLANG_CXX_LANGUAGE_STANDARD = "gnu++20";
				CLANG_ENABLE_MODULES = YES;
				CLANG_ENABLE_OBJC_ARC = YES;
				CLANG_ENABLE_OBJC_WEAK = YES;
				CLANG_WARN_BLOCK_CAPTURE_AUTORELEASING = YES;
				CLANG_WARN_BOOL_CONVERSION = YES;
				CLANG_WARN_COMMA = YES;
				CLANG_WARN_CONSTANT_CONVERSION = YES;
				CLANG_WARN_DEPRECATED_OBJC_IMPLEMENTATIONS = YES;
				CLANG_WARN_DIRECT_OBJC_ISA_USAGE = YES_ERROR;
				CLANG_WARN_DOCUMENTATION_COMMENTS = YES;
				CLANG_WARN_EMPTY_BODY = YES;
				CLANG_WARN_ENUM_CONVERSION = YES;
				CLANG_WARN_INFINITE_RECURSION = YES;
				CLANG_WARN_INT_CONVERSION = YES;
				CLANG_WARN_NON_LITERAL_NULL_CONVERSION = YES;
				CLANG_WARN_OBJC_IMPLICIT_RETAIN_SELF = YES;
				CLANG_WARN_OBJC_LITERAL_CONVERSION = YES;
				CLANG_WARN_OBJC_ROOT_CLASS = YES_ERROR;
				CLANG_WARN_QUOTED_INCLUDE_IN_FRAMEWORK_HEADER = YES;
				CLANG_WARN_RANGE_LOOP_ANALYSIS = YES;
				CLANG_WARN_STRICT_PROTOTYPES = YES;
				CLANG_WARN_SUSPICIOUS_MOVE = YES;
				CLANG_WARN_UNGUARDED_AVAILABILITY = YES_AGGRESSIVE;
				CLANG_WARN_UNREACHABLE_CODE = YES;
				CLANG_WARN__DUPLICATE_METHOD_MATCH = YES;
				COPY_PHASE_STRIP = NO;
				DEBUG_INFORMATION_FORMAT = "dwarf-with-dsym";
				ENABLE_NS_ASSERTIONS = NO;
				ENABLE_STRICT_OBJC_MSGSEND = YES;
				ENABLE_USER_SCRIPT_SANDBOXING = YES;
				GCC_C_LANGUAGE_STANDARD = gnu17;
				GCC_NO_COMMON_BLOCKS = YES;
				GCC_WARN_64_TO_32_BIT_CONVERSION = YES;
				GCC_WARN_ABOUT_RETURN_TYPE = YES_ERROR;
				GCC_WARN_UNDECLARED_SELECTOR = YES;
				GCC_WARN_UNINITIALIZED_AUTOS = YES_AGGRESSIVE;
				GCC_WARN_UNUSED_FUNCTION = YES;
				GCC_WARN_UNUSED_VARIABLE = YES;
				LOCALIZATION_PREFERS_STRING_CATALOGS = YES;
				MTL_ENABLE_DEBUG_INFO = NO;
				MTL_FAST_MATH = YES;
				SWIFT_COMPILATION_MODE = wholemodule;
			};
			name = Release;
		};
		1F85A9AA2B97D36000978E85 /* Debug */ = {
			isa = XCBuildConfiguration;
			buildSettings = {
				ASSETCATALOG_COMPILER_APPICON_NAME = AppIcon;
				ASSETCATALOG_COMPILER_GLOBAL_ACCENT_COLOR_NAME = AccentColor;
				CODE_SIGN_ENTITLEMENTS = "Xcode-firstApp/Xcode_firstApp.entitlements";
				CODE_SIGN_STYLE = Automatic;
				CURRENT_PROJECT_VERSION = 1;
				DEVELOPMENT_ASSET_PATHS = "\"Xcode-firstApp/Preview Content\"";
				ENABLE_PREVIEWS = YES;
				GENERATE_INFOPLIST_FILE = YES;
				"INFOPLIST_KEY_UIApplicationSceneManifest_Generation[sdk=iphoneos*]" = YES;
				"INFOPLIST_KEY_UIApplicationSceneManifest_Generation[sdk=iphonesimulator*]" = YES;
				"INFOPLIST_KEY_UIApplicationSupportsIndirectInputEvents[sdk=iphoneos*]" = YES;
				"INFOPLIST_KEY_UIApplicationSupportsIndirectInputEvents[sdk=iphonesimulator*]" = YES;
				"INFOPLIST_KEY_UILaunchScreen_Generation[sdk=iphoneos*]" = YES;
				"INFOPLIST_KEY_UILaunchScreen_Generation[sdk=iphonesimulator*]" = YES;
				"INFOPLIST_KEY_UIStatusBarStyle[sdk=iphoneos*]" = UIStatusBarStyleDefault;
				"INFOPLIST_KEY_UIStatusBarStyle[sdk=iphonesimulator*]" = UIStatusBarStyleDefault;
				INFOPLIST_KEY_UISupportedInterfaceOrientations_iPad = "UIInterfaceOrientationPortrait UIInterfaceOrientationPortraitUpsideDown UIInterfaceOrientationLandscapeLeft UIInterfaceOrientationLandscapeRight";
				INFOPLIST_KEY_UISupportedInterfaceOrientations_iPhone = "UIInterfaceOrientationPortrait UIInterfaceOrientationLandscapeLeft UIInterfaceOrientationLandscapeRight";
				IPHONEOS_DEPLOYMENT_TARGET = 17.2;
				LD_RUNPATH_SEARCH_PATHS = "@executable_path/Frameworks";
				"LD_RUNPATH_SEARCH_PATHS[sdk=macosx*]" = "@executable_path/../Frameworks";
				MACOSX_DEPLOYMENT_TARGET = 14.2;
				MARKETING_VERSION = 1.0;
				PRODUCT_BUNDLE_IDENTIFIER = "Hojoon-Kim.Xcode-firstApp";
				PRODUCT_NAME = "$(TARGET_NAME)";
				SDKROOT = auto;
				SUPPORTED_PLATFORMS = "iphoneos iphonesimulator macosx";
				SWIFT_EMIT_LOC_STRINGS = YES;
				SWIFT_VERSION = 5.0;
				TARGETED_DEVICE_FAMILY = "1,2";
			};
			name = Debug;
		};
		1F85A9AB2B97D36000978E85 /* Release */ = {
			isa = XCBuildConfiguration;
			buildSettings = {
				ASSETCATALOG_COMPILER_APPICON_NAME = AppIcon;
				ASSETCATALOG_COMPILER_GLOBAL_ACCENT_COLOR_NAME = AccentColor;
				CODE_SIGN_ENTITLEMENTS = "Xcode-firstApp/Xcode_firstApp.entitlements";
				CODE_SIGN_STYLE = Automatic;
				CURRENT_PROJECT_VERSION = 1;
				DEVELOPMENT_ASSET_PATHS = "\"Xcode-firstApp/Preview Content\"";
				ENABLE_PREVIEWS = YES;
				GENERATE_INFOPLIST_FILE = YES;
				"INFOPLIST_KEY_UIApplicationSceneManifest_Generation[sdk=iphoneos*]" = YES;
				"INFOPLIST_KEY_UIApplicationSceneManifest_Generation[sdk=iphonesimulator*]" = YES;
				"INFOPLIST_KEY_UIApplicationSupportsIndirectInputEvents[sdk=iphoneos*]" = YES;
				"INFOPLIST_KEY_UIApplicationSupportsIndirectInputEvents[sdk=iphonesimulator*]" = YES;
				"INFOPLIST_KEY_UILaunchScreen_Generation[sdk=iphoneos*]" = YES;
				"INFOPLIST_KEY_UILaunchScreen_Generation[sdk=iphonesimulator*]" = YES;
				"INFOPLIST_KEY_UIStatusBarStyle[sdk=iphoneos*]" = UIStatusBarStyleDefault;
				"INFOPLIST_KEY_UIStatusBarStyle[sdk=iphonesimulator*]" = UIStatusBarStyleDefault;
				INFOPLIST_KEY_UISupportedInterfaceOrientations_iPad = "UIInterfaceOrientationPortrait UIInterfaceOrientationPortraitUpsideDown UIInterfaceOrientationLandscapeLeft UIInterfaceOrientationLandscapeRight";
				INFOPLIST_KEY_UISupportedInterfaceOrientations_iPhone = "UIInterfaceOrientationPortrait UIInterfaceOrientationLandscapeLeft UIInterfaceOrientationLandscapeRight";
				IPHONEOS_DEPLOYMENT_TARGET = 17.2;
				LD_RUNPATH_SEARCH_PATHS = "@executable_path/Frameworks";
				"LD_RUNPATH_SEARCH_PATHS[sdk=macosx*]" = "@executable_path/../Frameworks";
				MACOSX_DEPLOYMENT_TARGET = 14.2;
				MARKETING_VERSION = 1.0;
				PRODUCT_BUNDLE_IDENTIFIER = "Hojoon-Kim.Xcode-firstApp";
				PRODUCT_NAME = "$(TARGET_NAME)";
				SDKROOT = auto;
				SUPPORTED_PLATFORMS = "iphoneos iphonesimulator macosx";
				SWIFT_EMIT_LOC_STRINGS = YES;
				SWIFT_VERSION = 5.0;
				TARGETED_DEVICE_FAMILY = "1,2";
			};
			name = Release;
		};
		1F85A9AD2B97D36000978E85 /* Debug */ = {
			isa = XCBuildConfiguration;
			buildSettings = {
				ALWAYS_EMBED_SWIFT_STANDARD_LIBRARIES = YES;
				BUNDLE_LOADER = "$(TEST_HOST)";
				CODE_SIGN_STYLE = Automatic;
				CURRENT_PROJECT_VERSION = 1;
				GENERATE_INFOPLIST_FILE = YES;
				IPHONEOS_DEPLOYMENT_TARGET = 17.2;
				MACOSX_DEPLOYMENT_TARGET = 14.2;
				MARKETING_VERSION = 1.0;
				PRODUCT_BUNDLE_IDENTIFIER = "Hojoon-Kim.Xcode-firstAppTests";
				PRODUCT_NAME = "$(TARGET_NAME)";
				SDKROOT = auto;
				SUPPORTED_PLATFORMS = "iphoneos iphonesimulator macosx";
				SWIFT_EMIT_LOC_STRINGS = NO;
				SWIFT_VERSION = 5.0;
				TARGETED_DEVICE_FAMILY = "1,2";
				TEST_HOST = "$(BUILT_PRODUCTS_DIR)/Xcode-firstApp.app/$(BUNDLE_EXECUTABLE_FOLDER_PATH)/Xcode-firstApp";
			};
			name = Debug;
		};
		1F85A9AE2B97D36000978E85 /* Release */ = {
			isa = XCBuildConfiguration;
			buildSettings = {
				ALWAYS_EMBED_SWIFT_STANDARD_LIBRARIES = YES;
				BUNDLE_LOADER = "$(TEST_HOST)";
				CODE_SIGN_STYLE = Automatic;
				CURRENT_PROJECT_VERSION = 1;
				GENERATE_INFOPLIST_FILE = YES;
				IPHONEOS_DEPLOYMENT_TARGET = 17.2;
				MACOSX_DEPLOYMENT_TARGET = 14.2;
				MARKETING_VERSION = 1.0;
				PRODUCT_BUNDLE_IDENTIFIER = "Hojoon-Kim.Xcode-firstAppTests";
				PRODUCT_NAME = "$(TARGET_NAME)";
				SDKROOT = auto;
				SUPPORTED_PLATFORMS = "iphoneos iphonesimulator macosx";
				SWIFT_EMIT_LOC_STRINGS = NO;
				SWIFT_VERSION = 5.0;
				TARGETED_DEVICE_FAMILY = "1,2";
				TEST_HOST = "$(BUILT_PRODUCTS_DIR)/Xcode-firstApp.app/$(BUNDLE_EXECUTABLE_FOLDER_PATH)/Xcode-firstApp";
			};
			name = Release;
		};
		1F85A9B02B97D36000978E85 /* Debug */ = {
			isa = XCBuildConfiguration;
			buildSettings = {
				ALWAYS_EMBED_SWIFT_STANDARD_LIBRARIES = YES;
				CODE_SIGN_STYLE = Automatic;
				CURRENT_PROJECT_VERSION = 1;
				GENERATE_INFOPLIST_FILE = YES;
				IPHONEOS_DEPLOYMENT_TARGET = 17.2;
				MACOSX_DEPLOYMENT_TARGET = 14.2;
				MARKETING_VERSION = 1.0;
				PRODUCT_BUNDLE_IDENTIFIER = "Hojoon-Kim.Xcode-firstAppUITests";
				PRODUCT_NAME = "$(TARGET_NAME)";
				SDKROOT = auto;
				SUPPORTED_PLATFORMS = "iphoneos iphonesimulator macosx";
				SWIFT_EMIT_LOC_STRINGS = NO;
				SWIFT_VERSION = 5.0;
				TARGETED_DEVICE_FAMILY = "1,2";
				TEST_TARGET_NAME = "Xcode-firstApp";
			};
			name = Debug;
		};
		1F85A9B12B97D36000978E85 /* Release */ = {
			isa = XCBuildConfiguration;
			buildSettings = {
				ALWAYS_EMBED_SWIFT_STANDARD_LIBRARIES = YES;
				CODE_SIGN_STYLE = Automatic;
				CURRENT_PROJECT_VERSION = 1;
				GENERATE_INFOPLIST_FILE = YES;
				IPHONEOS_DEPLOYMENT_TARGET = 17.2;
				MACOSX_DEPLOYMENT_TARGET = 14.2;
				MARKETING_VERSION = 1.0;
				PRODUCT_BUNDLE_IDENTIFIER = "Hojoon-Kim.Xcode-firstAppUITests";
				PRODUCT_NAME = "$(TARGET_NAME)";
				SDKROOT = auto;
				SUPPORTED_PLATFORMS = "iphoneos iphonesimulator macosx";
				SWIFT_EMIT_LOC_STRINGS = NO;
				SWIFT_VERSION = 5.0;
				TARGETED_DEVICE_FAMILY = "1,2";
				TEST_TARGET_NAME = "Xcode-firstApp";
			};
			name = Release;
		};
/* End XCBuildConfiguration section */

/* Begin XCConfigurationList section */
		1F85A97F2B97D35F00978E85 /* Build configuration list for PBXProject "Xcode-firstApp" */ = {
			isa = XCConfigurationList;
			buildConfigurations = (
				1F85A9A72B97D36000978E85 /* Debug */,
				1F85A9A82B97D36000978E85 /* Release */,
			);
			defaultConfigurationIsVisible = 0;
			defaultConfigurationName = Release;
		};
		1F85A9A92B97D36000978E85 /* Build configuration list for PBXNativeTarget "Xcode-firstApp" */ = {
			isa = XCConfigurationList;
			buildConfigurations = (
				1F85A9AA2B97D36000978E85 /* Debug */,
				1F85A9AB2B97D36000978E85 /* Release */,
			);
			defaultConfigurationIsVisible = 0;
			defaultConfigurationName = Release;
		};
		1F85A9AC2B97D36000978E85 /* Build configuration list for PBXNativeTarget "Xcode-firstAppTests" */ = {
			isa = XCConfigurationList;
			buildConfigurations = (
				1F85A9AD2B97D36000978E85 /* Debug */,
				1F85A9AE2B97D36000978E85 /* Release */,
			);
			defaultConfigurationIsVisible = 0;
			defaultConfigurationName = Release;
		};
		1F85A9AF2B97D36000978E85 /* Build configuration list for PBXNativeTarget "Xcode-firstAppUITests" */ = {
			isa = XCConfigurationList;
			buildConfigurations = (
				1F85A9B02B97D36000978E85 /* Debug */,
				1F85A9B12B97D36000978E85 /* Release */,
			);
			defaultConfigurationIsVisible = 0;
			defaultConfigurationName = Release;
		};
/* End XCConfigurationList section */
	};
	rootObject = 1F85A97C2B97D35F00978E85 /* Project object */;
}
